
Microsoft Visual Studio Solution File, Format Version 12.00
# Visual Studio Version 17
VisualStudioVersion = 17.2.32526.322
MinimumVisualStudioVersion = 10.0.40219.1
Project("{FAE04EC0-301F-11D3-BF4B-00C04F79EFBC}") = "BHMG", "BHMG\BHMG.csproj", "{CC733624-7932-4C44-A484-F87C270AAFDD}"
EndProject
Global
	GlobalSection(SolutionConfigurationPlatforms) = preSolution
		Debug|Any CPU = Debug|Any CPU
		Release|Any CPU = Release|Any CPU
	EndGlobalSection
	GlobalSection(ProjectConfigurationPlatforms) = postSolution
		{CC733624-7932-4C44-A484-F87C270AAFDD}.Debug|Any CPU.ActiveCfg = Debug|Any CPU
		{CC733624-7932-4C44-A484-F87C270AAFDD}.Debug|Any CPU.Build.0 = Debug|Any CPU
		{CC733624-7932-4C44-A484-F87C270AAFDD}.Release|Any CPU.ActiveCfg = Release|Any CPU
		{CC733624-7932-4C44-A484-F87C270AAFDD}.Release|Any CPU.Build.0 = Release|Any CPU
	EndGlobalSection
	GlobalSection(SolutionProperties) = preSolution
		HideSolutionNode = FALSE
	EndGlobalSection
	GlobalSection(ExtensibilityGlobals) = postSolution
		SolutionGuid = {7D5CC857-F223-4A29-B0B8-253ED3ED2F97}
	EndGlobalSection
EndGlobal
